
Microsoft Visual Studio Solution File, Format Version 12.00
# Visual Studio 15
VisualStudioVersion = 15.0.27130.2010
MinimumVisualStudioVersion = 15.0.26228.4
Project("{9A19103F-16F7-4668-BE54-9A1E7A4F7556}") = "Website", "Website\Website.csproj", "{072CD286-C986-4D8E-9CB8-EC87FF249060}"
EndProject
Project("{2150E333-8FDC-42A3-9474-1A3956D46DE8}") = "CopySite", "CopySite", "{25FB755E-C71E-4D97-B199-C1A39902DC84}"
	ProjectSection(SolutionItems) = preProject
		Utilities\CopySite\CopySite FROM DEV.bat = Utilities\CopySite\CopySite FROM DEV.bat
		Utilities\CopySite\CopySite FROM DEV.txt = Utilities\CopySite\CopySite FROM DEV.txt
		Utilities\CopySite\CopySite TO PROD.bat = Utilities\CopySite\CopySite TO PROD.bat
		Utilities\CopySite\CopySite TO PROD.txt = Utilities\CopySite\CopySite TO PROD.txt
	EndProjectSection
EndProject
Project("{2150E333-8FDC-42A3-9474-1A3956D46DE8}") = "DataProvider", "DataProvider", "{3D6DCCA8-B3FB-45DB-B37E-7F29DBB124D0}"
EndProject
Project("{9A19103F-16F7-4668-BE54-9A1E7A4F7556}") = "File", "DataProvider\File\File.csproj", "{D2F9BA80-1EE4-43ED-85CC-EF13EBABC72F}"
EndProject
Project("{9A19103F-16F7-4668-BE54-9A1E7A4F7556}") = "SQL", "DataProvider\SQL\SQL.csproj", "{26CC121D-4CAC-4249-B4CD-F865812914D8}"
EndProject
Project("{9A19103F-16F7-4668-BE54-9A1E7A4F7556}") = "Localization", "DataProvider\Localization\Localization.csproj", "{F6D1E730-0B70-40FF-A46E-6D7C537A52DB}"
EndProject
Project("{9A19103F-16F7-4668-BE54-9A1E7A4F7556}") = "ModuleDefinition", "DataProvider\ModuleDefinition\ModuleDefinition.csproj", "{5C1FAB13-DC80-4444-AA00-DDCF7E1EDE1D}"
EndProject
Project("{2150E333-8FDC-42A3-9474-1A3956D46DE8}") = "CoreComponents", "CoreComponents", "{FEE0C728-7D15-4C0B-8364-58D810A83F94}"
EndProject
Project("{9A19103F-16F7-4668-BE54-9A1E7A4F7556}") = "Core", "CoreComponents\Core\Core.csproj", "{E2588B36-3A2F-427E-8AE5-ACD9C2F07F11}"
EndProject
Project("{9A19103F-16F7-4668-BE54-9A1E7A4F7556}") = "CssHttpHandler", "CoreComponents\CssHttpHandler\CssHttpHandler.csproj", "{7B3CC9DF-6F25-415C-8969-BDFBB36B2FEB}"
EndProject
Project("{9A19103F-16F7-4668-BE54-9A1E7A4F7556}") = "ImageHttpHandler", "CoreComponents\ImageHttpHandler\ImageHttpHandler.csproj", "{993BCDBD-72E5-463A-86ED-CCA94D3ABC54}"
EndProject
Project("{2150E333-8FDC-42A3-9474-1A3956D46DE8}") = "Modules", "Modules", "{58CF9795-418F-4057-83D1-0656A97A1BCE}"
EndProject
Project("{2150E333-8FDC-42A3-9474-1A3956D46DE8}") = "YetaWF", "YetaWF", "{2814D707-63E6-4220-9AFD-D710B95E8B09}"
EndProject
Project("{9A19103F-16F7-4668-BE54-9A1E7A4F7556}") = "AddThis", "Modules\YetaWF\AddThis\AddThis.csproj", "{61050E66-4E7C-4E5A-A4A9-E0D906AD7A41}"
EndProject
Project("{9A19103F-16F7-4668-BE54-9A1E7A4F7556}") = "Backups", "Modules\YetaWF\Backups\Backups.csproj", "{00B8B65D-8D04-466B-806D-086B92DA186B}"
EndProject
Project("{9A19103F-16F7-4668-BE54-9A1E7A4F7556}") = "Basics", "Modules\YetaWF\Basics\Basics.csproj", "{232AC820-9B50-4551-ACF3-FB077B35E884}"
EndProject
Project("{9A19103F-16F7-4668-BE54-9A1E7A4F7556}") = "Blog", "Modules\YetaWF\Blog\Blog.csproj", "{0D0AE88F-7805-46BF-A940-66AFF244C4AB}"
EndProject
Project("{9A19103F-16F7-4668-BE54-9A1E7A4F7556}") = "BootstrapCarousel", "Modules\YetaWF\BootstrapCarousel\BootstrapCarousel.csproj", "{6BB21868-2DD4-47D8-BCAF-25F1E894722A}"
EndProject
Project("{9A19103F-16F7-4668-BE54-9A1E7A4F7556}") = "CurrencyConverter", "Modules\YetaWF\CurrencyConverter\CurrencyConverter.csproj", "{A6F039B2-4FCF-42CD-904D-A9690AC8FB37}"
EndProject
Project("{9A19103F-16F7-4668-BE54-9A1E7A4F7556}") = "Dashboard", "Modules\YetaWF\Dashboard\Dashboard.csproj", "{90047AA9-CE39-4481-9789-8E05C8E1E1CF}"
EndProject
Project("{9A19103F-16F7-4668-BE54-9A1E7A4F7556}") = "DevTests", "Modules\YetaWF\DevTests\DevTests.csproj", "{E05DD85D-74A5-4192-84C4-DBDC58908C66}"
EndProject
Project("{9A19103F-16F7-4668-BE54-9A1E7A4F7556}") = "Feed", "Modules\YetaWF\Feed\Feed.csproj", "{3C006CFF-8787-48DE-A057-A5B0CFD7DB9E}"
EndProject
Project("{9A19103F-16F7-4668-BE54-9A1E7A4F7556}") = "Feedback", "Modules\YetaWF\Feedback\Feedback.csproj", "{C2401247-EEDC-49B7-B130-5AC207682DA0}"
EndProject
Project("{9A19103F-16F7-4668-BE54-9A1E7A4F7556}") = "Identity", "Modules\YetaWF\Identity\Identity.csproj", "{629D43E2-E338-49D5-A526-004930A938BD}"
EndProject
Project("{9A19103F-16F7-4668-BE54-9A1E7A4F7556}") = "IFrame", "Modules\YetaWF\IFrame\IFrame.csproj", "{0E020A22-2897-4FDB-A957-CBE51A641862}"
EndProject
Project("{9A19103F-16F7-4668-BE54-9A1E7A4F7556}") = "ImageRepository", "Modules\YetaWF\ImageRepository\ImageRepository.csproj", "{D17F32A7-A301-45AA-9372-65C1A9EA61B7}"
EndProject
Project("{9A19103F-16F7-4668-BE54-9A1E7A4F7556}") = "Languages", "Modules\YetaWF\Languages\Languages.csproj", "{CDBDFEDD-48BF-40EC-A943-1C2A9145F668}"
EndProject
Project("{9A19103F-16F7-4668-BE54-9A1E7A4F7556}") = "Lightbox", "Modules\YetaWF\Lightbox\Lightbox.csproj", "{7405D2D3-95E9-4CB2-A9C9-163794E4DEE7}"
EndProject
Project("{9A19103F-16F7-4668-BE54-9A1E7A4F7556}") = "Logging", "Modules\YetaWF\Logging\Logging.csproj", "{030D8B18-C5FC-4F4C-B15F-2B8291C5508F}"
EndProject
Project("{9A19103F-16F7-4668-BE54-9A1E7A4F7556}") = "Menus", "Modules\YetaWF\Menus\Menus.csproj", "{E5E83D39-F061-43EB-A97E-4603E8FCB95D}"
EndProject
Project("{9A19103F-16F7-4668-BE54-9A1E7A4F7556}") = "ModuleEdit", "Modules\YetaWF\ModuleEdit\ModuleEdit.csproj", "{45EDE780-0524-4E9C-99EC-A98520733F07}"
EndProject
Project("{9A19103F-16F7-4668-BE54-9A1E7A4F7556}") = "Modules", "Modules\YetaWF\Modules\Modules.csproj", "{E712D154-8926-428E-8E37-47EE170453D6}"
EndProject
Project("{9A19103F-16F7-4668-BE54-9A1E7A4F7556}") = "Packages", "Modules\YetaWF\Packages\Packages.csproj", "{C9A25FC7-1B77-4E60-BB5F-5544F5A2117A}"
EndProject
Project("{9A19103F-16F7-4668-BE54-9A1E7A4F7556}") = "PageEar", "Modules\YetaWF\PageEar\PageEar.csproj", "{BDBF04AA-3EE3-4A74-93DF-E7776AFA026F}"
EndProject
Project("{9A19103F-16F7-4668-BE54-9A1E7A4F7556}") = "PageEdit", "Modules\YetaWF\PageEdit\PageEdit.csproj", "{83068247-B221-4FD2-A234-24412010D4F3}"
EndProject
Project("{9A19103F-16F7-4668-BE54-9A1E7A4F7556}") = "Pages", "Modules\YetaWF\Pages\Pages.csproj", "{0BF4B8B2-9AE4-4240-A546-89FC4CE58B86}"
EndProject
Project("{9A19103F-16F7-4668-BE54-9A1E7A4F7556}") = "Scheduler", "Modules\YetaWF\Scheduler\Scheduler.csproj", "{3984D733-6F13-4254-9118-D02FB6191F05}"
EndProject
Project("{9A19103F-16F7-4668-BE54-9A1E7A4F7556}") = "Search", "Modules\YetaWF\Search\Search.csproj", "{64D95B17-4CB3-482E-9899-CE061C780C0C}"
EndProject
Project("{9A19103F-16F7-4668-BE54-9A1E7A4F7556}") = "Security", "Modules\YetaWF\Security\Security.csproj", "{5F19B400-0094-423D-9BE3-07B863695B64}"
EndProject
Project("{9A19103F-16F7-4668-BE54-9A1E7A4F7556}") = "SiteProperties", "Modules\YetaWF\SiteProperties\SiteProperties.csproj", "{AB084CBB-32B2-47C2-B6BC-2AF05D35FC55}"
EndProject
Project("{9A19103F-16F7-4668-BE54-9A1E7A4F7556}") = "Sites", "Modules\YetaWF\Sites\Sites.csproj", "{A0222A5E-2D8D-4ABD-AD05-8391AEA53204}"
EndProject
Project("{9A19103F-16F7-4668-BE54-9A1E7A4F7556}") = "SyntaxHighlighter", "Modules\YetaWF\SyntaxHighlighter\SyntaxHighlighter.csproj", "{3DB1E4DB-108A-487E-AB1A-DA6E56ACCD46}"
EndProject
Project("{9A19103F-16F7-4668-BE54-9A1E7A4F7556}") = "Text", "Modules\YetaWF\Text\Text.csproj", "{95BDD885-36A9-43E0-A811-149F182C4715}"
EndProject
Project("{9A19103F-16F7-4668-BE54-9A1E7A4F7556}") = "TinyLanguage", "Modules\YetaWF\TinyLanguage\TinyLanguage.csproj", "{F4B13F85-1CF0-4ED0-8FC0-9CDF97BE7582}"
EndProject
Project("{9A19103F-16F7-4668-BE54-9A1E7A4F7556}") = "TinyLogin", "Modules\YetaWF\TinyLogin\TinyLogin.csproj", "{B0B397E8-BF48-408E-9FC7-E7F7C13EE5A9}"
EndProject
Project("{9A19103F-16F7-4668-BE54-9A1E7A4F7556}") = "UserProfile", "Modules\YetaWF\UserProfile\UserProfile.csproj", "{7EBCB8A9-102E-4755-8210-7530B71AD622}"
EndProject
Project("{9A19103F-16F7-4668-BE54-9A1E7A4F7556}") = "UserSettings", "Modules\YetaWF\UserSettings\UserSettings.csproj", "{6BA18961-4DF4-4A42-B469-8F8B094CF1B6}"
EndProject
Project("{9A19103F-16F7-4668-BE54-9A1E7A4F7556}") = "Visitors", "Modules\YetaWF\Visitors\Visitors.csproj", "{04D90520-61CB-4B60-87EA-608CF136181B}"
EndProject
Project("{2150E333-8FDC-42A3-9474-1A3956D46DE8}") = "Skins", "Skins", "{3A0FA838-2D0A-4CA6-8FFF-7BE0842FF01A}"
EndProject
Project("{2150E333-8FDC-42A3-9474-1A3956D46DE8}") = "YetaWF", "YetaWF", "{64E4FF64-35EE-41EC-AD69-78B39C011B1C}"
EndProject
Project("{9A19103F-16F7-4668-BE54-9A1E7A4F7556}") = "TawkTo", "Modules\YetaWF\TawkTo\TawkTo.csproj", "{FC519C32-6457-42EC-AD7A-5817270C6056}"
EndProject
Project("{9A19103F-16F7-4668-BE54-9A1E7A4F7556}") = "Panels", "Modules\YetaWF\Panels\Panels.csproj", "{9EED7794-1004-4434-9A92-BEC8BD349AD8}"
EndProject
Project("{9A19103F-16F7-4668-BE54-9A1E7A4F7556}") = "DefaultSkin", "Skins\YetaWF\DefaultSkin\DefaultSkin.csproj", "{79627CE7-8740-4610-A0BB-89136EF92011}"
EndProject
Project("{9A19103F-16F7-4668-BE54-9A1E7A4F7556}") = "Caching", "Modules\YetaWF\Caching\Caching.csproj", "{6A6CDFA1-CF6A-446A-B18A-2A54E93BD9CE}"
EndProject
Project("{9A19103F-16F7-4668-BE54-9A1E7A4F7556}") = "ComponentsHTML", "Modules\YetaWF\ComponentsHTML\ComponentsHTML.csproj", "{A4E392E6-C6AB-470B-AF73-31B386C7F871}"
EndProject
Project("{9A19103F-16F7-4668-BE54-9A1E7A4F7556}") = "IVR", "Modules\YetaWF\IVR\IVR.csproj", "{34051D2C-50C4-44EA-8658-78087B08CD5F}"
EndProject
Project("{9A19103F-16F7-4668-BE54-9A1E7A4F7556}") = "Messenger", "Modules\YetaWF\Messenger\Messenger.csproj", "{93850592-4FD0-40D9-A49C-A6094DD77539}"
EndProject
Project("{9A19103F-16F7-4668-BE54-9A1E7A4F7556}") = "TwilioProcessor", "Modules\YetaWF\TwilioProcessor\TwilioProcessor.csproj", "{AED440D1-DA0B-4331-9E61-CF984553C6E3}"
EndProject
Global
	GlobalSection(SolutionConfigurationPlatforms) = preSolution
		Debug|Any CPU = Debug|Any CPU
		Release|Any CPU = Release|Any CPU
	EndGlobalSection
	GlobalSection(ProjectConfigurationPlatforms) = postSolution
		{072CD286-C986-4D8E-9CB8-EC87FF249060}.Debug|Any CPU.ActiveCfg = Debug|Any CPU
		{072CD286-C986-4D8E-9CB8-EC87FF249060}.Debug|Any CPU.Build.0 = Debug|Any CPU
		{072CD286-C986-4D8E-9CB8-EC87FF249060}.Release|Any CPU.ActiveCfg = Release|Any CPU
		{072CD286-C986-4D8E-9CB8-EC87FF249060}.Release|Any CPU.Build.0 = Release|Any CPU
		{D2F9BA80-1EE4-43ED-85CC-EF13EBABC72F}.Debug|Any CPU.ActiveCfg = Debug|Any CPU
		{D2F9BA80-1EE4-43ED-85CC-EF13EBABC72F}.Debug|Any CPU.Build.0 = Debug|Any CPU
		{D2F9BA80-1EE4-43ED-85CC-EF13EBABC72F}.Release|Any CPU.ActiveCfg = Release|Any CPU
		{D2F9BA80-1EE4-43ED-85CC-EF13EBABC72F}.Release|Any CPU.Build.0 = Release|Any CPU
		{26CC121D-4CAC-4249-B4CD-F865812914D8}.Debug|Any CPU.ActiveCfg = Debug|Any CPU
		{26CC121D-4CAC-4249-B4CD-F865812914D8}.Debug|Any CPU.Build.0 = Debug|Any CPU
		{26CC121D-4CAC-4249-B4CD-F865812914D8}.Release|Any CPU.ActiveCfg = Release|Any CPU
		{26CC121D-4CAC-4249-B4CD-F865812914D8}.Release|Any CPU.Build.0 = Release|Any CPU
		{F6D1E730-0B70-40FF-A46E-6D7C537A52DB}.Debug|Any CPU.ActiveCfg = Debug|Any CPU
		{F6D1E730-0B70-40FF-A46E-6D7C537A52DB}.Debug|Any CPU.Build.0 = Debug|Any CPU
		{F6D1E730-0B70-40FF-A46E-6D7C537A52DB}.Release|Any CPU.ActiveCfg = Release|Any CPU
		{F6D1E730-0B70-40FF-A46E-6D7C537A52DB}.Release|Any CPU.Build.0 = Release|Any CPU
		{5C1FAB13-DC80-4444-AA00-DDCF7E1EDE1D}.Debug|Any CPU.ActiveCfg = Debug|Any CPU
		{5C1FAB13-DC80-4444-AA00-DDCF7E1EDE1D}.Debug|Any CPU.Build.0 = Debug|Any CPU
		{5C1FAB13-DC80-4444-AA00-DDCF7E1EDE1D}.Release|Any CPU.ActiveCfg = Release|Any CPU
		{5C1FAB13-DC80-4444-AA00-DDCF7E1EDE1D}.Release|Any CPU.Build.0 = Release|Any CPU
		{E2588B36-3A2F-427E-8AE5-ACD9C2F07F11}.Debug|Any CPU.ActiveCfg = Debug|Any CPU
		{E2588B36-3A2F-427E-8AE5-ACD9C2F07F11}.Debug|Any CPU.Build.0 = Debug|Any CPU
		{E2588B36-3A2F-427E-8AE5-ACD9C2F07F11}.Release|Any CPU.ActiveCfg = Release|Any CPU
		{E2588B36-3A2F-427E-8AE5-ACD9C2F07F11}.Release|Any CPU.Build.0 = Release|Any CPU
		{7B3CC9DF-6F25-415C-8969-BDFBB36B2FEB}.Debug|Any CPU.ActiveCfg = Debug|Any CPU
		{7B3CC9DF-6F25-415C-8969-BDFBB36B2FEB}.Debug|Any CPU.Build.0 = Debug|Any CPU
		{7B3CC9DF-6F25-415C-8969-BDFBB36B2FEB}.Release|Any CPU.ActiveCfg = Release|Any CPU
		{7B3CC9DF-6F25-415C-8969-BDFBB36B2FEB}.Release|Any CPU.Build.0 = Release|Any CPU
		{993BCDBD-72E5-463A-86ED-CCA94D3ABC54}.Debug|Any CPU.ActiveCfg = Debug|Any CPU
		{993BCDBD-72E5-463A-86ED-CCA94D3ABC54}.Debug|Any CPU.Build.0 = Debug|Any CPU
		{993BCDBD-72E5-463A-86ED-CCA94D3ABC54}.Release|Any CPU.ActiveCfg = Release|Any CPU
		{993BCDBD-72E5-463A-86ED-CCA94D3ABC54}.Release|Any CPU.Build.0 = Release|Any CPU
		{61050E66-4E7C-4E5A-A4A9-E0D906AD7A41}.Debug|Any CPU.ActiveCfg = Debug|Any CPU
		{61050E66-4E7C-4E5A-A4A9-E0D906AD7A41}.Debug|Any CPU.Build.0 = Debug|Any CPU
		{61050E66-4E7C-4E5A-A4A9-E0D906AD7A41}.Release|Any CPU.ActiveCfg = Release|Any CPU
		{61050E66-4E7C-4E5A-A4A9-E0D906AD7A41}.Release|Any CPU.Build.0 = Release|Any CPU
		{00B8B65D-8D04-466B-806D-086B92DA186B}.Debug|Any CPU.ActiveCfg = Debug|Any CPU
		{00B8B65D-8D04-466B-806D-086B92DA186B}.Debug|Any CPU.Build.0 = Debug|Any CPU
		{00B8B65D-8D04-466B-806D-086B92DA186B}.Release|Any CPU.ActiveCfg = Release|Any CPU
		{00B8B65D-8D04-466B-806D-086B92DA186B}.Release|Any CPU.Build.0 = Release|Any CPU
		{232AC820-9B50-4551-ACF3-FB077B35E884}.Debug|Any CPU.ActiveCfg = Debug|Any CPU
		{232AC820-9B50-4551-ACF3-FB077B35E884}.Debug|Any CPU.Build.0 = Debug|Any CPU
		{232AC820-9B50-4551-ACF3-FB077B35E884}.Release|Any CPU.ActiveCfg = Release|Any CPU
		{232AC820-9B50-4551-ACF3-FB077B35E884}.Release|Any CPU.Build.0 = Release|Any CPU
		{0D0AE88F-7805-46BF-A940-66AFF244C4AB}.Debug|Any CPU.ActiveCfg = Debug|Any CPU
		{0D0AE88F-7805-46BF-A940-66AFF244C4AB}.Debug|Any CPU.Build.0 = Debug|Any CPU
		{0D0AE88F-7805-46BF-A940-66AFF244C4AB}.Release|Any CPU.ActiveCfg = Release|Any CPU
		{0D0AE88F-7805-46BF-A940-66AFF244C4AB}.Release|Any CPU.Build.0 = Release|Any CPU
		{6BB21868-2DD4-47D8-BCAF-25F1E894722A}.Debug|Any CPU.ActiveCfg = Debug|Any CPU
		{6BB21868-2DD4-47D8-BCAF-25F1E894722A}.Debug|Any CPU.Build.0 = Debug|Any CPU
		{6BB21868-2DD4-47D8-BCAF-25F1E894722A}.Release|Any CPU.ActiveCfg = Release|Any CPU
		{6BB21868-2DD4-47D8-BCAF-25F1E894722A}.Release|Any CPU.Build.0 = Release|Any CPU
		{A6F039B2-4FCF-42CD-904D-A9690AC8FB37}.Debug|Any CPU.ActiveCfg = Debug|Any CPU
		{A6F039B2-4FCF-42CD-904D-A9690AC8FB37}.Debug|Any CPU.Build.0 = Debug|Any CPU
		{A6F039B2-4FCF-42CD-904D-A9690AC8FB37}.Release|Any CPU.ActiveCfg = Release|Any CPU
		{A6F039B2-4FCF-42CD-904D-A9690AC8FB37}.Release|Any CPU.Build.0 = Release|Any CPU
		{90047AA9-CE39-4481-9789-8E05C8E1E1CF}.Debug|Any CPU.ActiveCfg = Debug|Any CPU
		{90047AA9-CE39-4481-9789-8E05C8E1E1CF}.Debug|Any CPU.Build.0 = Debug|Any CPU
		{90047AA9-CE39-4481-9789-8E05C8E1E1CF}.Release|Any CPU.ActiveCfg = Release|Any CPU
		{90047AA9-CE39-4481-9789-8E05C8E1E1CF}.Release|Any CPU.Build.0 = Release|Any CPU
		{E05DD85D-74A5-4192-84C4-DBDC58908C66}.Debug|Any CPU.ActiveCfg = Debug|Any CPU
		{E05DD85D-74A5-4192-84C4-DBDC58908C66}.Debug|Any CPU.Build.0 = Debug|Any CPU
		{E05DD85D-74A5-4192-84C4-DBDC58908C66}.Release|Any CPU.ActiveCfg = Release|Any CPU
		{E05DD85D-74A5-4192-84C4-DBDC58908C66}.Release|Any CPU.Build.0 = Release|Any CPU
		{3C006CFF-8787-48DE-A057-A5B0CFD7DB9E}.Debug|Any CPU.ActiveCfg = Debug|Any CPU
		{3C006CFF-8787-48DE-A057-A5B0CFD7DB9E}.Debug|Any CPU.Build.0 = Debug|Any CPU
		{3C006CFF-8787-48DE-A057-A5B0CFD7DB9E}.Release|Any CPU.ActiveCfg = Release|Any CPU
		{3C006CFF-8787-48DE-A057-A5B0CFD7DB9E}.Release|Any CPU.Build.0 = Release|Any CPU
		{C2401247-EEDC-49B7-B130-5AC207682DA0}.Debug|Any CPU.ActiveCfg = Debug|Any CPU
		{C2401247-EEDC-49B7-B130-5AC207682DA0}.Debug|Any CPU.Build.0 = Debug|Any CPU
		{C2401247-EEDC-49B7-B130-5AC207682DA0}.Release|Any CPU.ActiveCfg = Release|Any CPU
		{C2401247-EEDC-49B7-B130-5AC207682DA0}.Release|Any CPU.Build.0 = Release|Any CPU
		{629D43E2-E338-49D5-A526-004930A938BD}.Debug|Any CPU.ActiveCfg = Debug|Any CPU
		{629D43E2-E338-49D5-A526-004930A938BD}.Debug|Any CPU.Build.0 = Debug|Any CPU
		{629D43E2-E338-49D5-A526-004930A938BD}.Release|Any CPU.ActiveCfg = Release|Any CPU
		{629D43E2-E338-49D5-A526-004930A938BD}.Release|Any CPU.Build.0 = Release|Any CPU
		{0E020A22-2897-4FDB-A957-CBE51A641862}.Debug|Any CPU.ActiveCfg = Debug|Any CPU
		{0E020A22-2897-4FDB-A957-CBE51A641862}.Debug|Any CPU.Build.0 = Debug|Any CPU
		{0E020A22-2897-4FDB-A957-CBE51A641862}.Release|Any CPU.ActiveCfg = Release|Any CPU
		{0E020A22-2897-4FDB-A957-CBE51A641862}.Release|Any CPU.Build.0 = Release|Any CPU
		{D17F32A7-A301-45AA-9372-65C1A9EA61B7}.Debug|Any CPU.ActiveCfg = Debug|Any CPU
		{D17F32A7-A301-45AA-9372-65C1A9EA61B7}.Debug|Any CPU.Build.0 = Debug|Any CPU
		{D17F32A7-A301-45AA-9372-65C1A9EA61B7}.Release|Any CPU.ActiveCfg = Release|Any CPU
		{D17F32A7-A301-45AA-9372-65C1A9EA61B7}.Release|Any CPU.Build.0 = Release|Any CPU
		{CDBDFEDD-48BF-40EC-A943-1C2A9145F668}.Debug|Any CPU.ActiveCfg = Debug|Any CPU
		{CDBDFEDD-48BF-40EC-A943-1C2A9145F668}.Debug|Any CPU.Build.0 = Debug|Any CPU
		{CDBDFEDD-48BF-40EC-A943-1C2A9145F668}.Release|Any CPU.ActiveCfg = Release|Any CPU
		{CDBDFEDD-48BF-40EC-A943-1C2A9145F668}.Release|Any CPU.Build.0 = Release|Any CPU
		{7405D2D3-95E9-4CB2-A9C9-163794E4DEE7}.Debug|Any CPU.ActiveCfg = Debug|Any CPU
		{7405D2D3-95E9-4CB2-A9C9-163794E4DEE7}.Debug|Any CPU.Build.0 = Debug|Any CPU
		{7405D2D3-95E9-4CB2-A9C9-163794E4DEE7}.Release|Any CPU.ActiveCfg = Release|Any CPU
		{7405D2D3-95E9-4CB2-A9C9-163794E4DEE7}.Release|Any CPU.Build.0 = Release|Any CPU
		{030D8B18-C5FC-4F4C-B15F-2B8291C5508F}.Debug|Any CPU.ActiveCfg = Debug|Any CPU
		{030D8B18-C5FC-4F4C-B15F-2B8291C5508F}.Debug|Any CPU.Build.0 = Debug|Any CPU
		{030D8B18-C5FC-4F4C-B15F-2B8291C5508F}.Release|Any CPU.ActiveCfg = Release|Any CPU
		{030D8B18-C5FC-4F4C-B15F-2B8291C5508F}.Release|Any CPU.Build.0 = Release|Any CPU
		{E5E83D39-F061-43EB-A97E-4603E8FCB95D}.Debug|Any CPU.ActiveCfg = Debug|Any CPU
		{E5E83D39-F061-43EB-A97E-4603E8FCB95D}.Debug|Any CPU.Build.0 = Debug|Any CPU
		{E5E83D39-F061-43EB-A97E-4603E8FCB95D}.Release|Any CPU.ActiveCfg = Release|Any CPU
		{E5E83D39-F061-43EB-A97E-4603E8FCB95D}.Release|Any CPU.Build.0 = Release|Any CPU
		{45EDE780-0524-4E9C-99EC-A98520733F07}.Debug|Any CPU.ActiveCfg = Debug|Any CPU
		{45EDE780-0524-4E9C-99EC-A98520733F07}.Debug|Any CPU.Build.0 = Debug|Any CPU
		{45EDE780-0524-4E9C-99EC-A98520733F07}.Release|Any CPU.ActiveCfg = Release|Any CPU
		{45EDE780-0524-4E9C-99EC-A98520733F07}.Release|Any CPU.Build.0 = Release|Any CPU
		{E712D154-8926-428E-8E37-47EE170453D6}.Debug|Any CPU.ActiveCfg = Debug|Any CPU
		{E712D154-8926-428E-8E37-47EE170453D6}.Debug|Any CPU.Build.0 = Debug|Any CPU
		{E712D154-8926-428E-8E37-47EE170453D6}.Release|Any CPU.ActiveCfg = Release|Any CPU
		{E712D154-8926-428E-8E37-47EE170453D6}.Release|Any CPU.Build.0 = Release|Any CPU
		{C9A25FC7-1B77-4E60-BB5F-5544F5A2117A}.Debug|Any CPU.ActiveCfg = Debug|Any CPU
		{C9A25FC7-1B77-4E60-BB5F-5544F5A2117A}.Debug|Any CPU.Build.0 = Debug|Any CPU
		{C9A25FC7-1B77-4E60-BB5F-5544F5A2117A}.Release|Any CPU.ActiveCfg = Release|Any CPU
		{C9A25FC7-1B77-4E60-BB5F-5544F5A2117A}.Release|Any CPU.Build.0 = Release|Any CPU
		{BDBF04AA-3EE3-4A74-93DF-E7776AFA026F}.Debug|Any CPU.ActiveCfg = Debug|Any CPU
		{BDBF04AA-3EE3-4A74-93DF-E7776AFA026F}.Debug|Any CPU.Build.0 = Debug|Any CPU
		{BDBF04AA-3EE3-4A74-93DF-E7776AFA026F}.Release|Any CPU.ActiveCfg = Release|Any CPU
		{BDBF04AA-3EE3-4A74-93DF-E7776AFA026F}.Release|Any CPU.Build.0 = Release|Any CPU
		{83068247-B221-4FD2-A234-24412010D4F3}.Debug|Any CPU.ActiveCfg = Debug|Any CPU
		{83068247-B221-4FD2-A234-24412010D4F3}.Debug|Any CPU.Build.0 = Debug|Any CPU
		{83068247-B221-4FD2-A234-24412010D4F3}.Release|Any CPU.ActiveCfg = Release|Any CPU
		{83068247-B221-4FD2-A234-24412010D4F3}.Release|Any CPU.Build.0 = Release|Any CPU
		{0BF4B8B2-9AE4-4240-A546-89FC4CE58B86}.Debug|Any CPU.ActiveCfg = Debug|Any CPU
		{0BF4B8B2-9AE4-4240-A546-89FC4CE58B86}.Debug|Any CPU.Build.0 = Debug|Any CPU
		{0BF4B8B2-9AE4-4240-A546-89FC4CE58B86}.Release|Any CPU.ActiveCfg = Release|Any CPU
		{0BF4B8B2-9AE4-4240-A546-89FC4CE58B86}.Release|Any CPU.Build.0 = Release|Any CPU
		{3984D733-6F13-4254-9118-D02FB6191F05}.Debug|Any CPU.ActiveCfg = Debug|Any CPU
		{3984D733-6F13-4254-9118-D02FB6191F05}.Debug|Any CPU.Build.0 = Debug|Any CPU
		{3984D733-6F13-4254-9118-D02FB6191F05}.Release|Any CPU.ActiveCfg = Release|Any CPU
		{3984D733-6F13-4254-9118-D02FB6191F05}.Release|Any CPU.Build.0 = Release|Any CPU
		{64D95B17-4CB3-482E-9899-CE061C780C0C}.Debug|Any CPU.ActiveCfg = Debug|Any CPU
		{64D95B17-4CB3-482E-9899-CE061C780C0C}.Debug|Any CPU.Build.0 = Debug|Any CPU
		{64D95B17-4CB3-482E-9899-CE061C780C0C}.Release|Any CPU.ActiveCfg = Release|Any CPU
		{64D95B17-4CB3-482E-9899-CE061C780C0C}.Release|Any CPU.Build.0 = Release|Any CPU
		{5F19B400-0094-423D-9BE3-07B863695B64}.Debug|Any CPU.ActiveCfg = Debug|Any CPU
		{5F19B400-0094-423D-9BE3-07B863695B64}.Debug|Any CPU.Build.0 = Debug|Any CPU
		{5F19B400-0094-423D-9BE3-07B863695B64}.Release|Any CPU.ActiveCfg = Release|Any CPU
		{5F19B400-0094-423D-9BE3-07B863695B64}.Release|Any CPU.Build.0 = Release|Any CPU
		{AB084CBB-32B2-47C2-B6BC-2AF05D35FC55}.Debug|Any CPU.ActiveCfg = Debug|Any CPU
		{AB084CBB-32B2-47C2-B6BC-2AF05D35FC55}.Debug|Any CPU.Build.0 = Debug|Any CPU
		{AB084CBB-32B2-47C2-B6BC-2AF05D35FC55}.Release|Any CPU.ActiveCfg = Release|Any CPU
		{AB084CBB-32B2-47C2-B6BC-2AF05D35FC55}.Release|Any CPU.Build.0 = Release|Any CPU
		{A0222A5E-2D8D-4ABD-AD05-8391AEA53204}.Debug|Any CPU.ActiveCfg = Debug|Any CPU
		{A0222A5E-2D8D-4ABD-AD05-8391AEA53204}.Debug|Any CPU.Build.0 = Debug|Any CPU
		{A0222A5E-2D8D-4ABD-AD05-8391AEA53204}.Release|Any CPU.ActiveCfg = Release|Any CPU
		{A0222A5E-2D8D-4ABD-AD05-8391AEA53204}.Release|Any CPU.Build.0 = Release|Any CPU
		{3DB1E4DB-108A-487E-AB1A-DA6E56ACCD46}.Debug|Any CPU.ActiveCfg = Debug|Any CPU
		{3DB1E4DB-108A-487E-AB1A-DA6E56ACCD46}.Debug|Any CPU.Build.0 = Debug|Any CPU
		{3DB1E4DB-108A-487E-AB1A-DA6E56ACCD46}.Release|Any CPU.ActiveCfg = Release|Any CPU
		{3DB1E4DB-108A-487E-AB1A-DA6E56ACCD46}.Release|Any CPU.Build.0 = Release|Any CPU
		{95BDD885-36A9-43E0-A811-149F182C4715}.Debug|Any CPU.ActiveCfg = Debug|Any CPU
		{95BDD885-36A9-43E0-A811-149F182C4715}.Debug|Any CPU.Build.0 = Debug|Any CPU
		{95BDD885-36A9-43E0-A811-149F182C4715}.Release|Any CPU.ActiveCfg = Release|Any CPU
		{95BDD885-36A9-43E0-A811-149F182C4715}.Release|Any CPU.Build.0 = Release|Any CPU
		{F4B13F85-1CF0-4ED0-8FC0-9CDF97BE7582}.Debug|Any CPU.ActiveCfg = Debug|Any CPU
		{F4B13F85-1CF0-4ED0-8FC0-9CDF97BE7582}.Debug|Any CPU.Build.0 = Debug|Any CPU
		{F4B13F85-1CF0-4ED0-8FC0-9CDF97BE7582}.Release|Any CPU.ActiveCfg = Release|Any CPU
		{F4B13F85-1CF0-4ED0-8FC0-9CDF97BE7582}.Release|Any CPU.Build.0 = Release|Any CPU
		{B0B397E8-BF48-408E-9FC7-E7F7C13EE5A9}.Debug|Any CPU.ActiveCfg = Debug|Any CPU
		{B0B397E8-BF48-408E-9FC7-E7F7C13EE5A9}.Debug|Any CPU.Build.0 = Debug|Any CPU
		{B0B397E8-BF48-408E-9FC7-E7F7C13EE5A9}.Release|Any CPU.ActiveCfg = Release|Any CPU
		{B0B397E8-BF48-408E-9FC7-E7F7C13EE5A9}.Release|Any CPU.Build.0 = Release|Any CPU
		{7EBCB8A9-102E-4755-8210-7530B71AD622}.Debug|Any CPU.ActiveCfg = Debug|Any CPU
		{7EBCB8A9-102E-4755-8210-7530B71AD622}.Debug|Any CPU.Build.0 = Debug|Any CPU
		{7EBCB8A9-102E-4755-8210-7530B71AD622}.Release|Any CPU.ActiveCfg = Release|Any CPU
		{7EBCB8A9-102E-4755-8210-7530B71AD622}.Release|Any CPU.Build.0 = Release|Any CPU
		{6BA18961-4DF4-4A42-B469-8F8B094CF1B6}.Debug|Any CPU.ActiveCfg = Debug|Any CPU
		{6BA18961-4DF4-4A42-B469-8F8B094CF1B6}.Debug|Any CPU.Build.0 = Debug|Any CPU
		{6BA18961-4DF4-4A42-B469-8F8B094CF1B6}.Release|Any CPU.ActiveCfg = Release|Any CPU
		{6BA18961-4DF4-4A42-B469-8F8B094CF1B6}.Release|Any CPU.Build.0 = Release|Any CPU
		{04D90520-61CB-4B60-87EA-608CF136181B}.Debug|Any CPU.ActiveCfg = Debug|Any CPU
		{04D90520-61CB-4B60-87EA-608CF136181B}.Debug|Any CPU.Build.0 = Debug|Any CPU
		{04D90520-61CB-4B60-87EA-608CF136181B}.Release|Any CPU.ActiveCfg = Release|Any CPU
		{04D90520-61CB-4B60-87EA-608CF136181B}.Release|Any CPU.Build.0 = Release|Any CPU
		{FC519C32-6457-42EC-AD7A-5817270C6056}.Debug|Any CPU.ActiveCfg = Debug|Any CPU
		{FC519C32-6457-42EC-AD7A-5817270C6056}.Debug|Any CPU.Build.0 = Debug|Any CPU
		{FC519C32-6457-42EC-AD7A-5817270C6056}.Release|Any CPU.ActiveCfg = Release|Any CPU
		{FC519C32-6457-42EC-AD7A-5817270C6056}.Release|Any CPU.Build.0 = Release|Any CPU
		{9EED7794-1004-4434-9A92-BEC8BD349AD8}.Debug|Any CPU.ActiveCfg = Debug|Any CPU
		{9EED7794-1004-4434-9A92-BEC8BD349AD8}.Debug|Any CPU.Build.0 = Debug|Any CPU
		{9EED7794-1004-4434-9A92-BEC8BD349AD8}.Release|Any CPU.ActiveCfg = Release|Any CPU
		{9EED7794-1004-4434-9A92-BEC8BD349AD8}.Release|Any CPU.Build.0 = Release|Any CPU
		{79627CE7-8740-4610-A0BB-89136EF92011}.Debug|Any CPU.ActiveCfg = Debug|Any CPU
		{79627CE7-8740-4610-A0BB-89136EF92011}.Debug|Any CPU.Build.0 = Debug|Any CPU
		{79627CE7-8740-4610-A0BB-89136EF92011}.Release|Any CPU.ActiveCfg = Release|Any CPU
		{79627CE7-8740-4610-A0BB-89136EF92011}.Release|Any CPU.Build.0 = Release|Any CPU
		{6A6CDFA1-CF6A-446A-B18A-2A54E93BD9CE}.Debug|Any CPU.ActiveCfg = Debug|Any CPU
		{6A6CDFA1-CF6A-446A-B18A-2A54E93BD9CE}.Debug|Any CPU.Build.0 = Debug|Any CPU
		{6A6CDFA1-CF6A-446A-B18A-2A54E93BD9CE}.Release|Any CPU.ActiveCfg = Release|Any CPU
		{6A6CDFA1-CF6A-446A-B18A-2A54E93BD9CE}.Release|Any CPU.Build.0 = Release|Any CPU
		{A4E392E6-C6AB-470B-AF73-31B386C7F871}.Debug|Any CPU.ActiveCfg = Debug|Any CPU
		{A4E392E6-C6AB-470B-AF73-31B386C7F871}.Debug|Any CPU.Build.0 = Debug|Any CPU
		{A4E392E6-C6AB-470B-AF73-31B386C7F871}.Release|Any CPU.ActiveCfg = Release|Any CPU
		{A4E392E6-C6AB-470B-AF73-31B386C7F871}.Release|Any CPU.Build.0 = Release|Any CPU
		{34051D2C-50C4-44EA-8658-78087B08CD5F}.Debug|Any CPU.ActiveCfg = Debug|Any CPU
		{34051D2C-50C4-44EA-8658-78087B08CD5F}.Debug|Any CPU.Build.0 = Debug|Any CPU
		{34051D2C-50C4-44EA-8658-78087B08CD5F}.Release|Any CPU.ActiveCfg = Release|Any CPU
		{34051D2C-50C4-44EA-8658-78087B08CD5F}.Release|Any CPU.Build.0 = Release|Any CPU
		{93850592-4FD0-40D9-A49C-A6094DD77539}.Debug|Any CPU.ActiveCfg = Debug|Any CPU
		{93850592-4FD0-40D9-A49C-A6094DD77539}.Debug|Any CPU.Build.0 = Debug|Any CPU
		{93850592-4FD0-40D9-A49C-A6094DD77539}.Release|Any CPU.ActiveCfg = Release|Any CPU
		{93850592-4FD0-40D9-A49C-A6094DD77539}.Release|Any CPU.Build.0 = Release|Any CPU
		{AED440D1-DA0B-4331-9E61-CF984553C6E3}.Debug|Any CPU.ActiveCfg = Debug|Any CPU
		{AED440D1-DA0B-4331-9E61-CF984553C6E3}.Debug|Any CPU.Build.0 = Debug|Any CPU
		{AED440D1-DA0B-4331-9E61-CF984553C6E3}.Release|Any CPU.ActiveCfg = Release|Any CPU
		{AED440D1-DA0B-4331-9E61-CF984553C6E3}.Release|Any CPU.Build.0 = Release|Any CPU
	EndGlobalSection
	GlobalSection(SolutionProperties) = preSolution
		HideSolutionNode = FALSE
	EndGlobalSection
	GlobalSection(NestedProjects) = preSolution
		{D2F9BA80-1EE4-43ED-85CC-EF13EBABC72F} = {3D6DCCA8-B3FB-45DB-B37E-7F29DBB124D0}
		{26CC121D-4CAC-4249-B4CD-F865812914D8} = {3D6DCCA8-B3FB-45DB-B37E-7F29DBB124D0}
		{F6D1E730-0B70-40FF-A46E-6D7C537A52DB} = {3D6DCCA8-B3FB-45DB-B37E-7F29DBB124D0}
		{5C1FAB13-DC80-4444-AA00-DDCF7E1EDE1D} = {3D6DCCA8-B3FB-45DB-B37E-7F29DBB124D0}
		{E2588B36-3A2F-427E-8AE5-ACD9C2F07F11} = {FEE0C728-7D15-4C0B-8364-58D810A83F94}
		{7B3CC9DF-6F25-415C-8969-BDFBB36B2FEB} = {FEE0C728-7D15-4C0B-8364-58D810A83F94}
		{993BCDBD-72E5-463A-86ED-CCA94D3ABC54} = {FEE0C728-7D15-4C0B-8364-58D810A83F94}
		{2814D707-63E6-4220-9AFD-D710B95E8B09} = {58CF9795-418F-4057-83D1-0656A97A1BCE}
		{61050E66-4E7C-4E5A-A4A9-E0D906AD7A41} = {2814D707-63E6-4220-9AFD-D710B95E8B09}
		{00B8B65D-8D04-466B-806D-086B92DA186B} = {2814D707-63E6-4220-9AFD-D710B95E8B09}
		{232AC820-9B50-4551-ACF3-FB077B35E884} = {2814D707-63E6-4220-9AFD-D710B95E8B09}
		{0D0AE88F-7805-46BF-A940-66AFF244C4AB} = {2814D707-63E6-4220-9AFD-D710B95E8B09}
		{6BB21868-2DD4-47D8-BCAF-25F1E894722A} = {2814D707-63E6-4220-9AFD-D710B95E8B09}
		{A6F039B2-4FCF-42CD-904D-A9690AC8FB37} = {2814D707-63E6-4220-9AFD-D710B95E8B09}
		{90047AA9-CE39-4481-9789-8E05C8E1E1CF} = {2814D707-63E6-4220-9AFD-D710B95E8B09}
		{E05DD85D-74A5-4192-84C4-DBDC58908C66} = {2814D707-63E6-4220-9AFD-D710B95E8B09}
		{3C006CFF-8787-48DE-A057-A5B0CFD7DB9E} = {2814D707-63E6-4220-9AFD-D710B95E8B09}
		{C2401247-EEDC-49B7-B130-5AC207682DA0} = {2814D707-63E6-4220-9AFD-D710B95E8B09}
		{629D43E2-E338-49D5-A526-004930A938BD} = {2814D707-63E6-4220-9AFD-D710B95E8B09}
		{0E020A22-2897-4FDB-A957-CBE51A641862} = {2814D707-63E6-4220-9AFD-D710B95E8B09}
		{D17F32A7-A301-45AA-9372-65C1A9EA61B7} = {2814D707-63E6-4220-9AFD-D710B95E8B09}
		{CDBDFEDD-48BF-40EC-A943-1C2A9145F668} = {2814D707-63E6-4220-9AFD-D710B95E8B09}
		{7405D2D3-95E9-4CB2-A9C9-163794E4DEE7} = {2814D707-63E6-4220-9AFD-D710B95E8B09}
		{030D8B18-C5FC-4F4C-B15F-2B8291C5508F} = {2814D707-63E6-4220-9AFD-D710B95E8B09}
		{E5E83D39-F061-43EB-A97E-4603E8FCB95D} = {2814D707-63E6-4220-9AFD-D710B95E8B09}
		{45EDE780-0524-4E9C-99EC-A98520733F07} = {2814D707-63E6-4220-9AFD-D710B95E8B09}
		{E712D154-8926-428E-8E37-47EE170453D6} = {2814D707-63E6-4220-9AFD-D710B95E8B09}
		{C9A25FC7-1B77-4E60-BB5F-5544F5A2117A} = {2814D707-63E6-4220-9AFD-D710B95E8B09}
		{BDBF04AA-3EE3-4A74-93DF-E7776AFA026F} = {2814D707-63E6-4220-9AFD-D710B95E8B09}
		{83068247-B221-4FD2-A234-24412010D4F3} = {2814D707-63E6-4220-9AFD-D710B95E8B09}
		{0BF4B8B2-9AE4-4240-A546-89FC4CE58B86} = {2814D707-63E6-4220-9AFD-D710B95E8B09}
		{3984D733-6F13-4254-9118-D02FB6191F05} = {2814D707-63E6-4220-9AFD-D710B95E8B09}
		{64D95B17-4CB3-482E-9899-CE061C780C0C} = {2814D707-63E6-4220-9AFD-D710B95E8B09}
		{5F19B400-0094-423D-9BE3-07B863695B64} = {2814D707-63E6-4220-9AFD-D710B95E8B09}
		{AB084CBB-32B2-47C2-B6BC-2AF05D35FC55} = {2814D707-63E6-4220-9AFD-D710B95E8B09}
		{A0222A5E-2D8D-4ABD-AD05-8391AEA53204} = {2814D707-63E6-4220-9AFD-D710B95E8B09}
		{3DB1E4DB-108A-487E-AB1A-DA6E56ACCD46} = {2814D707-63E6-4220-9AFD-D710B95E8B09}
		{95BDD885-36A9-43E0-A811-149F182C4715} = {2814D707-63E6-4220-9AFD-D710B95E8B09}
		{F4B13F85-1CF0-4ED0-8FC0-9CDF97BE7582} = {2814D707-63E6-4220-9AFD-D710B95E8B09}
		{B0B397E8-BF48-408E-9FC7-E7F7C13EE5A9} = {2814D707-63E6-4220-9AFD-D710B95E8B09}
		{7EBCB8A9-102E-4755-8210-7530B71AD622} = {2814D707-63E6-4220-9AFD-D710B95E8B09}
		{6BA18961-4DF4-4A42-B469-8F8B094CF1B6} = {2814D707-63E6-4220-9AFD-D710B95E8B09}
		{04D90520-61CB-4B60-87EA-608CF136181B} = {2814D707-63E6-4220-9AFD-D710B95E8B09}
		{64E4FF64-35EE-41EC-AD69-78B39C011B1C} = {3A0FA838-2D0A-4CA6-8FFF-7BE0842FF01A}
		{FC519C32-6457-42EC-AD7A-5817270C6056} = {2814D707-63E6-4220-9AFD-D710B95E8B09}
		{9EED7794-1004-4434-9A92-BEC8BD349AD8} = {2814D707-63E6-4220-9AFD-D710B95E8B09}
		{79627CE7-8740-4610-A0BB-89136EF92011} = {64E4FF64-35EE-41EC-AD69-78B39C011B1C}
		{6A6CDFA1-CF6A-446A-B18A-2A54E93BD9CE} = {2814D707-63E6-4220-9AFD-D710B95E8B09}
		{A4E392E6-C6AB-470B-AF73-31B386C7F871} = {2814D707-63E6-4220-9AFD-D710B95E8B09}
		{34051D2C-50C4-44EA-8658-78087B08CD5F} = {2814D707-63E6-4220-9AFD-D710B95E8B09}
		{93850592-4FD0-40D9-A49C-A6094DD77539} = {2814D707-63E6-4220-9AFD-D710B95E8B09}
		{AED440D1-DA0B-4331-9E61-CF984553C6E3} = {2814D707-63E6-4220-9AFD-D710B95E8B09}
	EndGlobalSection
	GlobalSection(ExtensibilityGlobals) = postSolution
		SolutionGuid = {F151937E-7D28-481E-A5B3-A2F239F3C8FC}
	EndGlobalSection
EndGlobal
